// !$*UTF8*$!
{
	archiveVersion = 1;
	classes = {
	};
	objectVersion = 56;
	objects = {

/* Begin PBXBuildFile section */
		CDEA317129B5DA41005D6FFB /* AppDelegate.swift in Sources */ = {isa = PBXBuildFile; fileRef = CDEA317029B5DA41005D6FFB /* AppDelegate.swift */; };
		CDEA317329B5DA41005D6FFB /* SceneDelegate.swift in Sources */ = {isa = PBXBuildFile; fileRef = CDEA317229B5DA41005D6FFB /* SceneDelegate.swift */; };
		CDEA317529B5DA41005D6FFB /* OnboardingViewController.swift in Sources */ = {isa = PBXBuildFile; fileRef = CDEA317429B5DA41005D6FFB /* OnboardingViewController.swift */; };
		CDEA317A29B5DA43005D6FFB /* Assets.xcassets in Resources */ = {isa = PBXBuildFile; fileRef = CDEA317929B5DA43005D6FFB /* Assets.xcassets */; };
		CDEA317D29B5DA43005D6FFB /* LaunchScreen.storyboard in Resources */ = {isa = PBXBuildFile; fileRef = CDEA317B29B5DA43005D6FFB /* LaunchScreen.storyboard */; };
		CDEA318529B5DB42005D6FFB /* APIService.swift in Sources */ = {isa = PBXBuildFile; fileRef = CDEA318429B5DB42005D6FFB /* APIService.swift */; };
		CDEA318729B5DB54005D6FFB /* MainCoordinator.swift in Sources */ = {isa = PBXBuildFile; fileRef = CDEA318629B5DB54005D6FFB /* MainCoordinator.swift */; };
		CDEA319029B5DE59005D6FFB /* GenreModels.swift in Sources */ = {isa = PBXBuildFile; fileRef = CDEA318F29B5DE59005D6FFB /* GenreModels.swift */; };
		CDEA319529B5E5C6005D6FFB /* OnboardingController.swift in Sources */ = {isa = PBXBuildFile; fileRef = CDEA319429B5E5C6005D6FFB /* OnboardingController.swift */; };
		CDEA319729B5E5E0005D6FFB /* GenreViewModel.swift in Sources */ = {isa = PBXBuildFile; fileRef = CDEA319629B5E5E0005D6FFB /* GenreViewModel.swift */; };
		CDEA319B29B5FA69005D6FFB /* mockGenres.json in Resources */ = {isa = PBXBuildFile; fileRef = CDEA319A29B5FA69005D6FFB /* mockGenres.json */; };
		CDEA319D29B5FCAC005D6FFB /* GenreDetailViewCell.swift in Sources */ = {isa = PBXBuildFile; fileRef = CDEA319C29B5FCAC005D6FFB /* GenreDetailViewCell.swift */; };
		CDEA319F29B61EAC005D6FFB /* mockGenreDetails.json in Resources */ = {isa = PBXBuildFile; fileRef = CDEA319E29B61EAB005D6FFB /* mockGenreDetails.json */; };
		CDEA31A229B71978005D6FFB /* ColorConstants.swift in Sources */ = {isa = PBXBuildFile; fileRef = CDEA31A129B71978005D6FFB /* ColorConstants.swift */; };
		CDEA31A529B71BE9005D6FFB /* SDWebImage in Frameworks */ = {isa = PBXBuildFile; productRef = CDEA31A429B71BE9005D6FFB /* SDWebImage */; };
		CDEA31A729B723DC005D6FFB /* APIConstants.swift in Sources */ = {isa = PBXBuildFile; fileRef = CDEA31A629B723DC005D6FFB /* APIConstants.swift */; };
		CDEA31A929B727B0005D6FFB /* ServiceNotificationView.swift in Sources */ = {isa = PBXBuildFile; fileRef = CDEA31A829B727B0005D6FFB /* ServiceNotificationView.swift */; };
		CDEA31AB29B72A19005D6FFB /* WaitingNotificationView.swift in Sources */ = {isa = PBXBuildFile; fileRef = CDEA31AA29B72A19005D6FFB /* WaitingNotificationView.swift */; };
/* End PBXBuildFile section */

/* Begin PBXFileReference section */
		CDEA316D29B5DA41005D6FFB /* RAWGBrowser.app */ = {isa = PBXFileReference; explicitFileType = wrapper.application; includeInIndex = 0; path = RAWGBrowser.app; sourceTree = BUILT_PRODUCTS_DIR; };
		CDEA317029B5DA41005D6FFB /* AppDelegate.swift */ = {isa = PBXFileReference; lastKnownFileType = sourcecode.swift; path = AppDelegate.swift; sourceTree = "<group>"; };
		CDEA317229B5DA41005D6FFB /* SceneDelegate.swift */ = {isa = PBXFileReference; lastKnownFileType = sourcecode.swift; path = SceneDelegate.swift; sourceTree = "<group>"; };
		CDEA317429B5DA41005D6FFB /* OnboardingViewController.swift */ = {isa = PBXFileReference; lastKnownFileType = sourcecode.swift; path = OnboardingViewController.swift; sourceTree = "<group>"; };
		CDEA317929B5DA43005D6FFB /* Assets.xcassets */ = {isa = PBXFileReference; lastKnownFileType = folder.assetcatalog; path = Assets.xcassets; sourceTree = "<group>"; };
		CDEA317C29B5DA43005D6FFB /* Base */ = {isa = PBXFileReference; lastKnownFileType = file.storyboard; name = Base; path = Base.lproj/LaunchScreen.storyboard; sourceTree = "<group>"; };
		CDEA317E29B5DA43005D6FFB /* Info.plist */ = {isa = PBXFileReference; lastKnownFileType = text.plist.xml; path = Info.plist; sourceTree = "<group>"; };
		CDEA318429B5DB42005D6FFB /* APIService.swift */ = {isa = PBXFileReference; lastKnownFileType = sourcecode.swift; path = APIService.swift; sourceTree = "<group>"; };
		CDEA318629B5DB54005D6FFB /* MainCoordinator.swift */ = {isa = PBXFileReference; lastKnownFileType = sourcecode.swift; path = MainCoordinator.swift; sourceTree = "<group>"; };
		CDEA318F29B5DE59005D6FFB /* GenreModels.swift */ = {isa = PBXFileReference; lastKnownFileType = sourcecode.swift; path = GenreModels.swift; sourceTree = "<group>"; };
		CDEA319429B5E5C6005D6FFB /* OnboardingController.swift */ = {isa = PBXFileReference; lastKnownFileType = sourcecode.swift; path = OnboardingController.swift; sourceTree = "<group>"; };
		CDEA319629B5E5E0005D6FFB /* GenreViewModel.swift */ = {isa = PBXFileReference; lastKnownFileType = sourcecode.swift; path = GenreViewModel.swift; sourceTree = "<group>"; };
		CDEA319A29B5FA69005D6FFB /* mockGenres.json */ = {isa = PBXFileReference; lastKnownFileType = text.json; path = mockGenres.json; sourceTree = "<group>"; };
		CDEA319C29B5FCAC005D6FFB /* GenreDetailViewCell.swift */ = {isa = PBXFileReference; lastKnownFileType = sourcecode.swift; path = GenreDetailViewCell.swift; sourceTree = "<group>"; };
		CDEA319E29B61EAB005D6FFB /* mockGenreDetails.json */ = {isa = PBXFileReference; lastKnownFileType = text.json; path = mockGenreDetails.json; sourceTree = "<group>"; };
		CDEA31A129B71978005D6FFB /* ColorConstants.swift */ = {isa = PBXFileReference; lastKnownFileType = sourcecode.swift; path = ColorConstants.swift; sourceTree = "<group>"; };
		CDEA31A629B723DC005D6FFB /* APIConstants.swift */ = {isa = PBXFileReference; lastKnownFileType = sourcecode.swift; path = APIConstants.swift; sourceTree = "<group>"; };
		CDEA31A829B727B0005D6FFB /* ServiceNotificationView.swift */ = {isa = PBXFileReference; lastKnownFileType = sourcecode.swift; path = ServiceNotificationView.swift; sourceTree = "<group>"; };
		CDEA31AA29B72A19005D6FFB /* WaitingNotificationView.swift */ = {isa = PBXFileReference; lastKnownFileType = sourcecode.swift; path = WaitingNotificationView.swift; sourceTree = "<group>"; };
/* End PBXFileReference section */

/* Begin PBXFrameworksBuildPhase section */
		CDEA316A29B5DA41005D6FFB /* Frameworks */ = {
			isa = PBXFrameworksBuildPhase;
			buildActionMask = 2147483647;
			files = (
				CDEA31A529B71BE9005D6FFB /* SDWebImage in Frameworks */,
			);
			runOnlyForDeploymentPostprocessing = 0;
		};
/* End PBXFrameworksBuildPhase section */

/* Begin PBXGroup section */
		CDEA316429B5DA41005D6FFB = {
			isa = PBXGroup;
			children = (
				CDEA316F29B5DA41005D6FFB /* RAWGBrowser */,
				CDEA316E29B5DA41005D6FFB /* Products */,
			);
			sourceTree = "<group>";
		};
		CDEA316E29B5DA41005D6FFB /* Products */ = {
			isa = PBXGroup;
			children = (
				CDEA316D29B5DA41005D6FFB /* RAWGBrowser.app */,
			);
			name = Products;
			sourceTree = "<group>";
		};
		CDEA316F29B5DA41005D6FFB /* RAWGBrowser */ = {
			isa = PBXGroup;
			children = (
				CDEA31A029B71968005D6FFB /* Constants */,
				CDEA319329B5E585005D6FFB /* Controllers */,
				CDEA318E29B5DE08005D6FFB /* Views */,
				CDEA318D29B5DE01005D6FFB /* ViewModels */,
				CDEA318C29B5DDFC005D6FFB /* Models */,
				CDEA318B29B5DD2F005D6FFB /* ViewControllers */,
				CDEA318A29B5DD26005D6FFB /* Services */,
				CDEA318929B5DD16005D6FFB /* Coordinators */,
				CDEA318829B5DD03005D6FFB /* Core */,
				CDEA317E29B5DA43005D6FFB /* Info.plist */,
				CDEA319A29B5FA69005D6FFB /* mockGenres.json */,
				CDEA319E29B61EAB005D6FFB /* mockGenreDetails.json */,
			);
			path = RAWGBrowser;
			sourceTree = "<group>";
		};
		CDEA318829B5DD03005D6FFB /* Core */ = {
			isa = PBXGroup;
			children = (
				CDEA317929B5DA43005D6FFB /* Assets.xcassets */,
				CDEA317B29B5DA43005D6FFB /* LaunchScreen.storyboard */,
				CDEA317029B5DA41005D6FFB /* AppDelegate.swift */,
				CDEA317229B5DA41005D6FFB /* SceneDelegate.swift */,
			);
			path = Core;
			sourceTree = "<group>";
		};
		CDEA318929B5DD16005D6FFB /* Coordinators */ = {
			isa = PBXGroup;
			children = (
				CDEA318629B5DB54005D6FFB /* MainCoordinator.swift */,
			);
			path = Coordinators;
			sourceTree = "<group>";
		};
		CDEA318A29B5DD26005D6FFB /* Services */ = {
			isa = PBXGroup;
			children = (
				CDEA318429B5DB42005D6FFB /* APIService.swift */,
			);
			path = Services;
			sourceTree = "<group>";
		};
		CDEA318B29B5DD2F005D6FFB /* ViewControllers */ = {
			isa = PBXGroup;
			children = (
				CDEA317429B5DA41005D6FFB /* OnboardingViewController.swift */,
			);
			path = ViewControllers;
			sourceTree = "<group>";
		};
		CDEA318C29B5DDFC005D6FFB /* Models */ = {
			isa = PBXGroup;
			children = (
				CDEA318F29B5DE59005D6FFB /* GenreModels.swift */,
			);
			path = Models;
			sourceTree = "<group>";
		};
		CDEA318D29B5DE01005D6FFB /* ViewModels */ = {
			isa = PBXGroup;
			children = (
				CDEA319629B5E5E0005D6FFB /* GenreViewModel.swift */,
			);
			path = ViewModels;
			sourceTree = "<group>";
		};
		CDEA318E29B5DE08005D6FFB /* Views */ = {
			isa = PBXGroup;
			children = (
				CDEA319C29B5FCAC005D6FFB /* GenreDetailViewCell.swift */,
				CDEA31A829B727B0005D6FFB /* ServiceNotificationView.swift */,
				CDEA31AA29B72A19005D6FFB /* WaitingNotificationView.swift */,
			);
			path = Views;
			sourceTree = "<group>";
		};
		CDEA319329B5E585005D6FFB /* Controllers */ = {
			isa = PBXGroup;
			children = (
				CDEA319429B5E5C6005D6FFB /* OnboardingController.swift */,
			);
			path = Controllers;
			sourceTree = "<group>";
		};
		CDEA31A029B71968005D6FFB /* Constants */ = {
			isa = PBXGroup;
			children = (
				CDEA31A129B71978005D6FFB /* ColorConstants.swift */,
				CDEA31A629B723DC005D6FFB /* APIConstants.swift */,
			);
			path = Constants;
			sourceTree = "<group>";
		};
/* End PBXGroup section */

/* Begin PBXNativeTarget section */
		CDEA316C29B5DA41005D6FFB /* RAWGBrowser */ = {
			isa = PBXNativeTarget;
			buildConfigurationList = CDEA318129B5DA43005D6FFB /* Build configuration list for PBXNativeTarget "RAWGBrowser" */;
			buildPhases = (
				CDEA316929B5DA41005D6FFB /* Sources */,
				CDEA316A29B5DA41005D6FFB /* Frameworks */,
				CDEA316B29B5DA41005D6FFB /* Resources */,
			);
			buildRules = (
			);
			dependencies = (
			);
			name = RAWGBrowser;
			packageProductDependencies = (
				CDEA31A429B71BE9005D6FFB /* SDWebImage */,
			);
			productName = RAWGBrowser;
			productReference = CDEA316D29B5DA41005D6FFB /* RAWGBrowser.app */;
			productType = "com.apple.product-type.application";
		};
/* End PBXNativeTarget section */

/* Begin PBXProject section */
		CDEA316529B5DA41005D6FFB /* Project object */ = {
			isa = PBXProject;
			attributes = {
				BuildIndependentTargetsInParallel = 1;
				LastSwiftUpdateCheck = 1420;
				LastUpgradeCheck = 1420;
				TargetAttributes = {
					CDEA316C29B5DA41005D6FFB = {
						CreatedOnToolsVersion = 14.2;
					};
				};
			};
			buildConfigurationList = CDEA316829B5DA41005D6FFB /* Build configuration list for PBXProject "RAWGBrowser" */;
			compatibilityVersion = "Xcode 14.0";
			developmentRegion = en;
			hasScannedForEncodings = 0;
			knownRegions = (
				en,
				Base,
			);
			mainGroup = CDEA316429B5DA41005D6FFB;
			packageReferences = (
				CDEA31A329B71BE9005D6FFB /* XCRemoteSwiftPackageReference "SDWebImage" */,
			);
			productRefGroup = CDEA316E29B5DA41005D6FFB /* Products */;
			projectDirPath = "";
			projectRoot = "";
			targets = (
				CDEA316C29B5DA41005D6FFB /* RAWGBrowser */,
			);
		};
/* End PBXProject section */

/* Begin PBXResourcesBuildPhase section */
		CDEA316B29B5DA41005D6FFB /* Resources */ = {
			isa = PBXResourcesBuildPhase;
			buildActionMask = 2147483647;
			files = (
				CDEA317D29B5DA43005D6FFB /* LaunchScreen.storyboard in Resources */,
				CDEA319B29B5FA69005D6FFB /* mockGenres.json in Resources */,
				CDEA319F29B61EAC005D6FFB /* mockGenreDetails.json in Resources */,
				CDEA317A29B5DA43005D6FFB /* Assets.xcassets in Resources */,
			);
			runOnlyForDeploymentPostprocessing = 0;
		};
/* End PBXResourcesBuildPhase section */

/* Begin PBXSourcesBuildPhase section */
		CDEA316929B5DA41005D6FFB /* Sources */ = {
			isa = PBXSourcesBuildPhase;
			buildActionMask = 2147483647;
			files = (
				CDEA317529B5DA41005D6FFB /* OnboardingViewController.swift in Sources */,
				CDEA31A729B723DC005D6FFB /* APIConstants.swift in Sources */,
				CDEA317129B5DA41005D6FFB /* AppDelegate.swift in Sources */,
				CDEA318529B5DB42005D6FFB /* APIService.swift in Sources */,
				CDEA31A229B71978005D6FFB /* ColorConstants.swift in Sources */,
				CDEA319D29B5FCAC005D6FFB /* GenreDetailViewCell.swift in Sources */,
				CDEA319729B5E5E0005D6FFB /* GenreViewModel.swift in Sources */,
				CDEA31AB29B72A19005D6FFB /* WaitingNotificationView.swift in Sources */,
				CDEA31A929B727B0005D6FFB /* ServiceNotificationView.swift in Sources */,
				CDEA319529B5E5C6005D6FFB /* OnboardingController.swift in Sources */,
				CDEA319029B5DE59005D6FFB /* GenreModels.swift in Sources */,
				CDEA318729B5DB54005D6FFB /* MainCoordinator.swift in Sources */,
				CDEA317329B5DA41005D6FFB /* SceneDelegate.swift in Sources */,
			);
			runOnlyForDeploymentPostprocessing = 0;
		};
/* End PBXSourcesBuildPhase section */

/* Begin PBXVariantGroup section */
		CDEA317B29B5DA43005D6FFB /* LaunchScreen.storyboard */ = {
			isa = PBXVariantGroup;
			children = (
				CDEA317C29B5DA43005D6FFB /* Base */,
			);
			name = LaunchScreen.storyboard;
			sourceTree = "<group>";
		};
/* End PBXVariantGroup section */

/* Begin XCBuildConfiguration section */
		CDEA317F29B5DA43005D6FFB /* Debug */ = {
			isa = XCBuildConfiguration;
			buildSettings = {
				ALWAYS_SEARCH_USER_PATHS = NO;
				CLANG_ANALYZER_NONNULL = YES;
				CLANG_ANALYZER_NUMBER_OBJECT_CONVERSION = YES_AGGRESSIVE;
				CLANG_CXX_LANGUAGE_STANDARD = "gnu++20";
				CLANG_ENABLE_MODULES = YES;
				CLANG_ENABLE_OBJC_ARC = YES;
				CLANG_ENABLE_OBJC_WEAK = YES;
				CLANG_WARN_BLOCK_CAPTURE_AUTORELEASING = YES;
				CLANG_WARN_BOOL_CONVERSION = YES;
				CLANG_WARN_COMMA = YES;
				CLANG_WARN_CONSTANT_CONVERSION = YES;
				CLANG_WARN_DEPRECATED_OBJC_IMPLEMENTATIONS = YES;
				CLANG_WARN_DIRECT_OBJC_ISA_USAGE = YES_ERROR;
				CLANG_WARN_DOCUMENTATION_COMMENTS = YES;
				CLANG_WARN_EMPTY_BODY = YES;
				CLANG_WARN_ENUM_CONVERSION = YES;
				CLANG_WARN_INFINITE_RECURSION = YES;
				CLANG_WARN_INT_CONVERSION = YES;
				CLANG_WARN_NON_LITERAL_NULL_CONVERSION = YES;
				CLANG_WARN_OBJC_IMPLICIT_RETAIN_SELF = YES;
				CLANG_WARN_OBJC_LITERAL_CONVERSION = YES;
				CLANG_WARN_OBJC_ROOT_CLASS = YES_ERROR;
				CLANG_WARN_QUOTED_INCLUDE_IN_FRAMEWORK_HEADER = YES;
				CLANG_WARN_RANGE_LOOP_ANALYSIS = YES;
				CLANG_WARN_STRICT_PROTOTYPES = YES;
				CLANG_WARN_SUSPICIOUS_MOVE = YES;
				CLANG_WARN_UNGUARDED_AVAILABILITY = YES_AGGRESSIVE;
				CLANG_WARN_UNREACHABLE_CODE = YES;
				CLANG_WARN__DUPLICATE_METHOD_MATCH = YES;
				COPY_PHASE_STRIP = NO;
				DEBUG_INFORMATION_FORMAT = dwarf;
				ENABLE_STRICT_OBJC_MSGSEND = YES;
				ENABLE_TESTABILITY = YES;
				GCC_C_LANGUAGE_STANDARD = gnu11;
				GCC_DYNAMIC_NO_PIC = NO;
				GCC_NO_COMMON_BLOCKS = YES;
				GCC_OPTIMIZATION_LEVEL = 0;
				GCC_PREPROCESSOR_DEFINITIONS = (
					"DEBUG=1",
					"$(inherited)",
				);
				GCC_WARN_64_TO_32_BIT_CONVERSION = YES;
				GCC_WARN_ABOUT_RETURN_TYPE = YES_ERROR;
				GCC_WARN_UNDECLARED_SELECTOR = YES;
				GCC_WARN_UNINITIALIZED_AUTOS = YES_AGGRESSIVE;
				GCC_WARN_UNUSED_FUNCTION = YES;
				GCC_WARN_UNUSED_VARIABLE = YES;
				IPHONEOS_DEPLOYMENT_TARGET = 16.2;
				MTL_ENABLE_DEBUG_INFO = INCLUDE_SOURCE;
				MTL_FAST_MATH = YES;
				ONLY_ACTIVE_ARCH = YES;
				SDKROOT = iphoneos;
				SWIFT_ACTIVE_COMPILATION_CONDITIONS = DEBUG;
				SWIFT_OPTIMIZATION_LEVEL = "-Onone";
			};
			name = Debug;
		};
		CDEA318029B5DA43005D6FFB /* Release */ = {
			isa = XCBuildConfiguration;
			buildSettings = {
				ALWAYS_SEARCH_USER_PATHS = NO;
				CLANG_ANALYZER_NONNULL = YES;
				CLANG_ANALYZER_NUMBER_OBJECT_CONVERSION = YES_AGGRESSIVE;
				CLANG_CXX_LANGUAGE_STANDARD = "gnu++20";
				CLANG_ENABLE_MODULES = YES;
				CLANG_ENABLE_OBJC_ARC = YES;
				CLANG_ENABLE_OBJC_WEAK = YES;
				CLANG_WARN_BLOCK_CAPTURE_AUTORELEASING = YES;
				CLANG_WARN_BOOL_CONVERSION = YES;
				CLANG_WARN_COMMA = YES;
				CLANG_WARN_CONSTANT_CONVERSION = YES;
				CLANG_WARN_DEPRECATED_OBJC_IMPLEMENTATIONS = YES;
				CLANG_WARN_DIRECT_OBJC_ISA_USAGE = YES_ERROR;
				CLANG_WARN_DOCUMENTATION_COMMENTS = YES;
				CLANG_WARN_EMPTY_BODY = YES;
				CLANG_WARN_ENUM_CONVERSION = YES;
				CLANG_WARN_INFINITE_RECURSION = YES;
				CLANG_WARN_INT_CONVERSION = YES;
				CLANG_WARN_NON_LITERAL_NULL_CONVERSION = YES;
				CLANG_WARN_OBJC_IMPLICIT_RETAIN_SELF = YES;
				CLANG_WARN_OBJC_LITERAL_CONVERSION = YES;
				CLANG_WARN_OBJC_ROOT_CLASS = YES_ERROR;
				CLANG_WARN_QUOTED_INCLUDE_IN_FRAMEWORK_HEADER = YES;
				CLANG_WARN_RANGE_LOOP_ANALYSIS = YES;
				CLANG_WARN_STRICT_PROTOTYPES = YES;
				CLANG_WARN_SUSPICIOUS_MOVE = YES;
				CLANG_WARN_UNGUARDED_AVAILABILITY = YES_AGGRESSIVE;
				CLANG_WARN_UNREACHABLE_CODE = YES;
				CLANG_WARN__DUPLICATE_METHOD_MATCH = YES;
				COPY_PHASE_STRIP = NO;
				DEBUG_INFORMATION_FORMAT = "dwarf-with-dsym";
				ENABLE_NS_ASSERTIONS = NO;
				ENABLE_STRICT_OBJC_MSGSEND = YES;
				GCC_C_LANGUAGE_STANDARD = gnu11;
				GCC_NO_COMMON_BLOCKS = YES;
				GCC_WARN_64_TO_32_BIT_CONVERSION = YES;
				GCC_WARN_ABOUT_RETURN_TYPE = YES_ERROR;
				GCC_WARN_UNDECLARED_SELECTOR = YES;
				GCC_WARN_UNINITIALIZED_AUTOS = YES_AGGRESSIVE;
				GCC_WARN_UNUSED_FUNCTION = YES;
				GCC_WARN_UNUSED_VARIABLE = YES;
				IPHONEOS_DEPLOYMENT_TARGET = 16.2;
				MTL_ENABLE_DEBUG_INFO = NO;
				MTL_FAST_MATH = YES;
				SDKROOT = iphoneos;
				SWIFT_COMPILATION_MODE = wholemodule;
				SWIFT_OPTIMIZATION_LEVEL = "-O";
				VALIDATE_PRODUCT = YES;
			};
			name = Release;
		};
		CDEA318229B5DA43005D6FFB /* Debug */ = {
			isa = XCBuildConfiguration;
			buildSettings = {
				ASSETCATALOG_COMPILER_APPICON_NAME = AppIcon;
				ASSETCATALOG_COMPILER_GLOBAL_ACCENT_COLOR_NAME = AccentColor;
				CODE_SIGN_STYLE = Automatic;
				CURRENT_PROJECT_VERSION = 1;
				DEVELOPMENT_TEAM = Y2ZMF37QVQ;
				GENERATE_INFOPLIST_FILE = YES;
				INFOPLIST_FILE = RAWGBrowser/Info.plist;
				INFOPLIST_KEY_UIApplicationSupportsIndirectInputEvents = YES;
				INFOPLIST_KEY_UILaunchStoryboardName = LaunchScreen;
				INFOPLIST_KEY_UIMainStoryboardFile = "";
				INFOPLIST_KEY_UISupportedInterfaceOrientations = UIInterfaceOrientationPortrait;
				LD_RUNPATH_SEARCH_PATHS = (
					"$(inherited)",
					"@executable_path/Frameworks",
				);
				MARKETING_VERSION = 1.0;
				PRODUCT_BUNDLE_IDENTIFIER = com.myorganization.RAWGBrowser;
				PRODUCT_NAME = "$(TARGET_NAME)";
				SUPPORTED_PLATFORMS = "iphoneos iphonesimulator";
				SUPPORTS_MACCATALYST = NO;
				SUPPORTS_MAC_DESIGNED_FOR_IPHONE_IPAD = NO;
				SWIFT_EMIT_LOC_STRINGS = YES;
				SWIFT_VERSION = 5.0;
				TARGETED_DEVICE_FAMILY = "1,2";
			};
			name = Debug;
		};
		CDEA318329B5DA43005D6FFB /* Release */ = {
			isa = XCBuildConfiguration;
			buildSettings = {
				ASSETCATALOG_COMPILER_APPICON_NAME = AppIcon;
				ASSETCATALOG_COMPILER_GLOBAL_ACCENT_COLOR_NAME = AccentColor;
				CODE_SIGN_STYLE = Automatic;
				CURRENT_PROJECT_VERSION = 1;
				DEVELOPMENT_TEAM = Y2ZMF37QVQ;
				GENERATE_INFOPLIST_FILE = YES;
				INFOPLIST_FILE = RAWGBrowser/Info.plist;
				INFOPLIST_KEY_UIApplicationSupportsIndirectInputEvents = YES;
				INFOPLIST_KEY_UILaunchStoryboardName = LaunchScreen;
				INFOPLIST_KEY_UIMainStoryboardFile = "";
				INFOPLIST_KEY_UISupportedInterfaceOrientations = UIInterfaceOrientationPortrait;
				LD_RUNPATH_SEARCH_PATHS = (
					"$(inherited)",
					"@executable_path/Frameworks",
				);
				MARKETING_VERSION = 1.0;
				PRODUCT_BUNDLE_IDENTIFIER = com.myorganization.RAWGBrowser;
				PRODUCT_NAME = "$(TARGET_NAME)";
				SUPPORTED_PLATFORMS = "iphoneos iphonesimulator";
				SUPPORTS_MACCATALYST = NO;
				SUPPORTS_MAC_DESIGNED_FOR_IPHONE_IPAD = NO;
				SWIFT_EMIT_LOC_STRINGS = YES;
				SWIFT_VERSION = 5.0;
				TARGETED_DEVICE_FAMILY = "1,2";
			};
			name = Release;
		};
/* End XCBuildConfiguration section */

/* Begin XCConfigurationList section */
		CDEA316829B5DA41005D6FFB /* Build configuration list for PBXProject "RAWGBrowser" */ = {
			isa = XCConfigurationList;
			buildConfigurations = (
				CDEA317F29B5DA43005D6FFB /* Debug */,
				CDEA318029B5DA43005D6FFB /* Release */,
			);
			defaultConfigurationIsVisible = 0;
			defaultConfigurationName = Release;
		};
		CDEA318129B5DA43005D6FFB /* Build configuration list for PBXNativeTarget "RAWGBrowser" */ = {
			isa = XCConfigurationList;
			buildConfigurations = (
				CDEA318229B5DA43005D6FFB /* Debug */,
				CDEA318329B5DA43005D6FFB /* Release */,
			);
			defaultConfigurationIsVisible = 0;
			defaultConfigurationName = Release;
		};
/* End XCConfigurationList section */

/* Begin XCRemoteSwiftPackageReference section */
		CDEA31A329B71BE9005D6FFB /* XCRemoteSwiftPackageReference "SDWebImage" */ = {
			isa = XCRemoteSwiftPackageReference;
			repositoryURL = "https://github.com/SDWebImage/SDWebImage.git";
			requirement = {
				kind = upToNextMajorVersion;
				minimumVersion = 5.0.0;
			};
		};
/* End XCRemoteSwiftPackageReference section */

/* Begin XCSwiftPackageProductDependency section */
		CDEA31A429B71BE9005D6FFB /* SDWebImage */ = {
			isa = XCSwiftPackageProductDependency;
			package = CDEA31A329B71BE9005D6FFB /* XCRemoteSwiftPackageReference "SDWebImage" */;
			productName = SDWebImage;
		};
/* End XCSwiftPackageProductDependency section */
	};
	rootObject = CDEA316529B5DA41005D6FFB /* Project object */;
}
