// !$*UTF8*$!
{
	archiveVersion = 1;
	classes = {
	};
	objectVersion = 56;
	objects = {

/* Begin PBXBuildFile section */
		CDEA317129B5DA41005D6FFB /* AppDelegate.swift in Sources */ = {isa = PBXBuildFile; fileRef = CDEA317029B5DA41005D6FFB /* AppDelegate.swift */; };
		CDEA317329B5DA41005D6FFB /* SceneDelegate.swift in Sources */ = {isa = PBXBuildFile; fileRef = CDEA317229B5DA41005D6FFB /* SceneDelegate.swift */; };
		CDEA317529B5DA41005D6FFB /* OnboardingViewController.swift in Sources */ = {isa = PBXBuildFile; fileRef = CDEA317429B5DA41005D6FFB /* OnboardingViewController.swift */; };
		CDEA318729B5DB54005D6FFB /* MainCoordinator.swift in Sources */ = {isa = PBXBuildFile; fileRef = CDEA318629B5DB54005D6FFB /* MainCoordinator.swift */; };
		CDEA319029B5DE59005D6FFB /* GenreModels.swift in Sources */ = {isa = PBXBuildFile; fileRef = CDEA318F29B5DE59005D6FFB /* GenreModels.swift */; };
		CDEA319529B5E5C6005D6FFB /* OnboardingController.swift in Sources */ = {isa = PBXBuildFile; fileRef = CDEA319429B5E5C6005D6FFB /* OnboardingController.swift */; };
		CDEA319729B5E5E0005D6FFB /* GenreViewModel.swift in Sources */ = {isa = PBXBuildFile; fileRef = CDEA319629B5E5E0005D6FFB /* GenreViewModel.swift */; };
		CDEA319B29B5FA69005D6FFB /* mockGenres.json in Resources */ = {isa = PBXBuildFile; fileRef = CDEA319A29B5FA69005D6FFB /* mockGenres.json */; };
		CDEA319D29B5FCAC005D6FFB /* GenreDetailViewCell.swift in Sources */ = {isa = PBXBuildFile; fileRef = CDEA319C29B5FCAC005D6FFB /* GenreDetailViewCell.swift */; };
		CDEA319F29B61EAC005D6FFB /* mockGenreDetails.json in Resources */ = {isa = PBXBuildFile; fileRef = CDEA319E29B61EAB005D6FFB /* mockGenreDetails.json */; };
		CDEA31A229B71978005D6FFB /* ColorConstants.swift in Sources */ = {isa = PBXBuildFile; fileRef = CDEA31A129B71978005D6FFB /* ColorConstants.swift */; };
		CDEA31A529B71BE9005D6FFB /* SDWebImage in Frameworks */ = {isa = PBXBuildFile; productRef = CDEA31A429B71BE9005D6FFB /* SDWebImage */; };
		CDEA31A729B723DC005D6FFB /* APIConstants.swift in Sources */ = {isa = PBXBuildFile; fileRef = CDEA31A629B723DC005D6FFB /* APIConstants.swift */; };
		CDEA31A929B727B0005D6FFB /* ServiceNotificationView.swift in Sources */ = {isa = PBXBuildFile; fileRef = CDEA31A829B727B0005D6FFB /* ServiceNotificationView.swift */; };
		CDEA31AB29B72A19005D6FFB /* WaitingNotificationView.swift in Sources */ = {isa = PBXBuildFile; fileRef = CDEA31AA29B72A19005D6FFB /* WaitingNotificationView.swift */; };
		CDEA31AD29B73D96005D6FFB /* mockGenreList.json in Resources */ = {isa = PBXBuildFile; fileRef = CDEA31AC29B73D96005D6FFB /* mockGenreList.json */; };
		CDEA31AF29B73DD3005D6FFB /* GameListModels.swift in Sources */ = {isa = PBXBuildFile; fileRef = CDEA31AE29B73DD3005D6FFB /* GameListModels.swift */; };
		CDEA31B129B741BA005D6FFB /* GameListViewController.swift in Sources */ = {isa = PBXBuildFile; fileRef = CDEA31B029B741BA005D6FFB /* GameListViewController.swift */; };
		CDEA31B329B741C6005D6FFB /* GameListController.swift in Sources */ = {isa = PBXBuildFile; fileRef = CDEA31B229B741C6005D6FFB /* GameListController.swift */; };
		CDEA31B529B7421E005D6FFB /* GameListElementViewModel.swift in Sources */ = {isa = PBXBuildFile; fileRef = CDEA31B429B7421E005D6FFB /* GameListElementViewModel.swift */; };
		CDEA31B729B74329005D6FFB /* GameViewCell.swift in Sources */ = {isa = PBXBuildFile; fileRef = CDEA31B629B74329005D6FFB /* GameViewCell.swift */; };
		CDEA31B929B7585D005D6FFB /* mockGame.json in Resources */ = {isa = PBXBuildFile; fileRef = CDEA31B829B7585D005D6FFB /* mockGame.json */; };
		CDEA31BB29B7588E005D6FFB /* GameModel.swift in Sources */ = {isa = PBXBuildFile; fileRef = CDEA31BA29B7588E005D6FFB /* GameModel.swift */; };
		CDEA31BD29B75F52005D6FFB /* GameDetailViewController.swift in Sources */ = {isa = PBXBuildFile; fileRef = CDEA31BC29B75F52005D6FFB /* GameDetailViewController.swift */; };
		CDEA31BF29B75F6E005D6FFB /* GameDetailViewModel.swift in Sources */ = {isa = PBXBuildFile; fileRef = CDEA31BE29B75F6E005D6FFB /* GameDetailViewModel.swift */; };
		CDEA31C129B767FC005D6FFB /* GameDetailsController.swift in Sources */ = {isa = PBXBuildFile; fileRef = CDEA31C029B767FC005D6FFB /* GameDetailsController.swift */; };
		CDEA31C329B768C2005D6FFB /* GameDetailViewCell.swift in Sources */ = {isa = PBXBuildFile; fileRef = CDEA31C229B768C2005D6FFB /* GameDetailViewCell.swift */; };
		CDEA31C529B76CC7005D6FFB /* HeroImageView.swift in Sources */ = {isa = PBXBuildFile; fileRef = CDEA31C429B76CC7005D6FFB /* HeroImageView.swift */; };
		CDEA31CA29B7D0D6005D6FFB /* DescriptionView.swift in Sources */ = {isa = PBXBuildFile; fileRef = CDEA31C929B7D0D6005D6FFB /* DescriptionView.swift */; };
		CDEA31CC29B7E4EA005D6FFB /* UIButton+Extension.swift in Sources */ = {isa = PBXBuildFile; fileRef = CDEA31CB29B7E4EA005D6FFB /* UIButton+Extension.swift */; };
		CDEA31CE29B7EAEE005D6FFB /* UILabel+Extension.swift in Sources */ = {isa = PBXBuildFile; fileRef = CDEA31CD29B7EAEE005D6FFB /* UILabel+Extension.swift */; };
		CDEA31D829B86A45005D6FFB /* FirebaseAnalytics in Frameworks */ = {isa = PBXBuildFile; productRef = CDEA31D729B86A45005D6FFB /* FirebaseAnalytics */; };
		CDEA31DA29B86A45005D6FFB /* FirebaseDatabase in Frameworks */ = {isa = PBXBuildFile; productRef = CDEA31D929B86A45005D6FFB /* FirebaseDatabase */; };
		CDEA31DC29B86A45005D6FFB /* FirebaseDatabaseSwift in Frameworks */ = {isa = PBXBuildFile; productRef = CDEA31DB29B86A45005D6FFB /* FirebaseDatabaseSwift */; };
		CDEA31DE29B86A45005D6FFB /* FirebaseFirestore in Frameworks */ = {isa = PBXBuildFile; productRef = CDEA31DD29B86A45005D6FFB /* FirebaseFirestore */; };
		CDEA31E029B86A45005D6FFB /* FirebaseFirestoreSwift in Frameworks */ = {isa = PBXBuildFile; productRef = CDEA31DF29B86A45005D6FFB /* FirebaseFirestoreSwift */; };
		CDEA31E229B86A46005D6FFB /* FirebaseFunctions in Frameworks */ = {isa = PBXBuildFile; productRef = CDEA31E129B86A46005D6FFB /* FirebaseFunctions */; };
		CDEA31E429B86A46005D6FFB /* FirebaseStorage in Frameworks */ = {isa = PBXBuildFile; productRef = CDEA31E329B86A46005D6FFB /* FirebaseStorage */; };
		CDEA31E829B87E96005D6FFB /* NavigationController.swift in Sources */ = {isa = PBXBuildFile; fileRef = CDEA31E729B87E96005D6FFB /* NavigationController.swift */; };
		CDEA324329B88607005D6FFB /* DatabaseService.swift in Sources */ = {isa = PBXBuildFile; fileRef = CDEA324129B88607005D6FFB /* DatabaseService.swift */; };
		CDEA324429B88607005D6FFB /* APIService.swift in Sources */ = {isa = PBXBuildFile; fileRef = CDEA324229B88607005D6FFB /* APIService.swift */; };
		CDEA324929B88A1B005D6FFB /* Assets.xcassets in Resources */ = {isa = PBXBuildFile; fileRef = CDEA324829B88A1B005D6FFB /* Assets.xcassets */; };
		CDEA324B29B88A8F005D6FFB /* LaunchScreen.storyboard in Resources */ = {isa = PBXBuildFile; fileRef = CDEA324A29B88A8F005D6FFB /* LaunchScreen.storyboard */; };
		CDEA324F29B88BF6005D6FFB /* GoogleService-Info.plist in Resources */ = {isa = PBXBuildFile; fileRef = CDEA324E29B88BF6005D6FFB /* GoogleService-Info.plist */; };
		CDEA325729B8A72D005D6FFB /* RAWGBrowserTests.swift in Sources */ = {isa = PBXBuildFile; fileRef = CDEA325629B8A72D005D6FFB /* RAWGBrowserTests.swift */; };
		CDEA325E29B8A745005D6FFB /* MockAPIService.swift in Sources */ = {isa = PBXBuildFile; fileRef = CDEA325D29B8A745005D6FFB /* MockAPIService.swift */; };
		CDEA326029B8A751005D6FFB /* MockDatabaseService.swift in Sources */ = {isa = PBXBuildFile; fileRef = CDEA325F29B8A751005D6FFB /* MockDatabaseService.swift */; };
		CDEA326429B8AB34005D6FFB /* SDWebImage in Frameworks */ = {isa = PBXBuildFile; productRef = CDEA326329B8AB34005D6FFB /* SDWebImage */; };
		CDEA326629B8AB6F005D6FFB /* FirebaseAnalytics in Frameworks */ = {isa = PBXBuildFile; productRef = CDEA326529B8AB6F005D6FFB /* FirebaseAnalytics */; settings = {ATTRIBUTES = (Weak, ); }; };
		CDEA327029B8AB6F005D6FFB /* FirebaseDatabase in Frameworks */ = {isa = PBXBuildFile; productRef = CDEA326F29B8AB6F005D6FFB /* FirebaseDatabase */; settings = {ATTRIBUTES = (Weak, ); }; };
		CDEA327229B8AB6F005D6FFB /* FirebaseFirestore in Frameworks */ = {isa = PBXBuildFile; productRef = CDEA327129B8AB6F005D6FFB /* FirebaseFirestore */; settings = {ATTRIBUTES = (Weak, ); }; };
		CDEA327429B8AB6F005D6FFB /* FirebaseFirestoreSwift in Frameworks */ = {isa = PBXBuildFile; productRef = CDEA327329B8AB6F005D6FFB /* FirebaseFirestoreSwift */; settings = {ATTRIBUTES = (Weak, ); }; };
		CDEA327629B8AB6F005D6FFB /* FirebaseFunctions in Frameworks */ = {isa = PBXBuildFile; productRef = CDEA327529B8AB6F005D6FFB /* FirebaseFunctions */; settings = {ATTRIBUTES = (Weak, ); }; };
		CDEA327829B8AB6F005D6FFB /* FirebaseStorage in Frameworks */ = {isa = PBXBuildFile; productRef = CDEA327729B8AB6F005D6FFB /* FirebaseStorage */; settings = {ATTRIBUTES = (Weak, ); }; };
		CDEA327A29B8BD2A005D6FFB /* FirebaseDatabaseSwift in Frameworks */ = {isa = PBXBuildFile; productRef = CDEA327929B8BD2A005D6FFB /* FirebaseDatabaseSwift */; };
		CDEA327C29B8C3C1005D6FFB /* RAWGViewModelsTests.swift in Sources */ = {isa = PBXBuildFile; fileRef = CDEA327B29B8C3C1005D6FFB /* RAWGViewModelsTests.swift */; };
/* End PBXBuildFile section */

/* Begin PBXContainerItemProxy section */
		CDEA325829B8A72D005D6FFB /* PBXContainerItemProxy */ = {
			isa = PBXContainerItemProxy;
			containerPortal = CDEA316529B5DA41005D6FFB /* Project object */;
			proxyType = 1;
			remoteGlobalIDString = CDEA316C29B5DA41005D6FFB;
			remoteInfo = RAWGBrowser;
		};
/* End PBXContainerItemProxy section */

/* Begin PBXFileReference section */
		CDEA316D29B5DA41005D6FFB /* RAWGBrowser.app */ = {isa = PBXFileReference; explicitFileType = wrapper.application; includeInIndex = 0; path = RAWGBrowser.app; sourceTree = BUILT_PRODUCTS_DIR; };
		CDEA317029B5DA41005D6FFB /* AppDelegate.swift */ = {isa = PBXFileReference; lastKnownFileType = sourcecode.swift; path = AppDelegate.swift; sourceTree = "<group>"; };
		CDEA317229B5DA41005D6FFB /* SceneDelegate.swift */ = {isa = PBXFileReference; lastKnownFileType = sourcecode.swift; path = SceneDelegate.swift; sourceTree = "<group>"; };
		CDEA317429B5DA41005D6FFB /* OnboardingViewController.swift */ = {isa = PBXFileReference; lastKnownFileType = sourcecode.swift; path = OnboardingViewController.swift; sourceTree = "<group>"; };
		CDEA317E29B5DA43005D6FFB /* Info.plist */ = {isa = PBXFileReference; lastKnownFileType = text.plist.xml; path = Info.plist; sourceTree = "<group>"; };
		CDEA318629B5DB54005D6FFB /* MainCoordinator.swift */ = {isa = PBXFileReference; lastKnownFileType = sourcecode.swift; path = MainCoordinator.swift; sourceTree = "<group>"; };
		CDEA318F29B5DE59005D6FFB /* GenreModels.swift */ = {isa = PBXFileReference; lastKnownFileType = sourcecode.swift; path = GenreModels.swift; sourceTree = "<group>"; };
		CDEA319429B5E5C6005D6FFB /* OnboardingController.swift */ = {isa = PBXFileReference; lastKnownFileType = sourcecode.swift; path = OnboardingController.swift; sourceTree = "<group>"; };
		CDEA319629B5E5E0005D6FFB /* GenreViewModel.swift */ = {isa = PBXFileReference; lastKnownFileType = sourcecode.swift; path = GenreViewModel.swift; sourceTree = "<group>"; };
		CDEA319A29B5FA69005D6FFB /* mockGenres.json */ = {isa = PBXFileReference; lastKnownFileType = text.json; path = mockGenres.json; sourceTree = "<group>"; };
		CDEA319C29B5FCAC005D6FFB /* GenreDetailViewCell.swift */ = {isa = PBXFileReference; lastKnownFileType = sourcecode.swift; path = GenreDetailViewCell.swift; sourceTree = "<group>"; };
		CDEA319E29B61EAB005D6FFB /* mockGenreDetails.json */ = {isa = PBXFileReference; lastKnownFileType = text.json; path = mockGenreDetails.json; sourceTree = "<group>"; };
		CDEA31A129B71978005D6FFB /* ColorConstants.swift */ = {isa = PBXFileReference; lastKnownFileType = sourcecode.swift; path = ColorConstants.swift; sourceTree = "<group>"; };
		CDEA31A629B723DC005D6FFB /* APIConstants.swift */ = {isa = PBXFileReference; lastKnownFileType = sourcecode.swift; path = APIConstants.swift; sourceTree = "<group>"; };
		CDEA31A829B727B0005D6FFB /* ServiceNotificationView.swift */ = {isa = PBXFileReference; lastKnownFileType = sourcecode.swift; path = ServiceNotificationView.swift; sourceTree = "<group>"; };
		CDEA31AA29B72A19005D6FFB /* WaitingNotificationView.swift */ = {isa = PBXFileReference; lastKnownFileType = sourcecode.swift; path = WaitingNotificationView.swift; sourceTree = "<group>"; };
		CDEA31AC29B73D96005D6FFB /* mockGenreList.json */ = {isa = PBXFileReference; lastKnownFileType = text.json; path = mockGenreList.json; sourceTree = "<group>"; };
		CDEA31AE29B73DD3005D6FFB /* GameListModels.swift */ = {isa = PBXFileReference; lastKnownFileType = sourcecode.swift; path = GameListModels.swift; sourceTree = "<group>"; };
		CDEA31B029B741BA005D6FFB /* GameListViewController.swift */ = {isa = PBXFileReference; lastKnownFileType = sourcecode.swift; path = GameListViewController.swift; sourceTree = "<group>"; };
		CDEA31B229B741C6005D6FFB /* GameListController.swift */ = {isa = PBXFileReference; lastKnownFileType = sourcecode.swift; path = GameListController.swift; sourceTree = "<group>"; };
		CDEA31B429B7421E005D6FFB /* GameListElementViewModel.swift */ = {isa = PBXFileReference; lastKnownFileType = sourcecode.swift; path = GameListElementViewModel.swift; sourceTree = "<group>"; };
		CDEA31B629B74329005D6FFB /* GameViewCell.swift */ = {isa = PBXFileReference; lastKnownFileType = sourcecode.swift; path = GameViewCell.swift; sourceTree = "<group>"; };
		CDEA31B829B7585D005D6FFB /* mockGame.json */ = {isa = PBXFileReference; lastKnownFileType = text.json; path = mockGame.json; sourceTree = "<group>"; };
		CDEA31BA29B7588E005D6FFB /* GameModel.swift */ = {isa = PBXFileReference; lastKnownFileType = sourcecode.swift; path = GameModel.swift; sourceTree = "<group>"; };
		CDEA31BC29B75F52005D6FFB /* GameDetailViewController.swift */ = {isa = PBXFileReference; lastKnownFileType = sourcecode.swift; path = GameDetailViewController.swift; sourceTree = "<group>"; };
		CDEA31BE29B75F6E005D6FFB /* GameDetailViewModel.swift */ = {isa = PBXFileReference; lastKnownFileType = sourcecode.swift; path = GameDetailViewModel.swift; sourceTree = "<group>"; };
		CDEA31C029B767FC005D6FFB /* GameDetailsController.swift */ = {isa = PBXFileReference; lastKnownFileType = sourcecode.swift; path = GameDetailsController.swift; sourceTree = "<group>"; };
		CDEA31C229B768C2005D6FFB /* GameDetailViewCell.swift */ = {isa = PBXFileReference; lastKnownFileType = sourcecode.swift; path = GameDetailViewCell.swift; sourceTree = "<group>"; };
		CDEA31C429B76CC7005D6FFB /* HeroImageView.swift */ = {isa = PBXFileReference; lastKnownFileType = sourcecode.swift; path = HeroImageView.swift; sourceTree = "<group>"; };
		CDEA31C929B7D0D6005D6FFB /* DescriptionView.swift */ = {isa = PBXFileReference; lastKnownFileType = sourcecode.swift; path = DescriptionView.swift; sourceTree = "<group>"; };
		CDEA31CB29B7E4EA005D6FFB /* UIButton+Extension.swift */ = {isa = PBXFileReference; lastKnownFileType = sourcecode.swift; path = "UIButton+Extension.swift"; sourceTree = "<group>"; };
		CDEA31CD29B7EAEE005D6FFB /* UILabel+Extension.swift */ = {isa = PBXFileReference; lastKnownFileType = sourcecode.swift; path = "UILabel+Extension.swift"; sourceTree = "<group>"; };
		CDEA31E729B87E96005D6FFB /* NavigationController.swift */ = {isa = PBXFileReference; lastKnownFileType = sourcecode.swift; path = NavigationController.swift; sourceTree = "<group>"; };
		CDEA324129B88607005D6FFB /* DatabaseService.swift */ = {isa = PBXFileReference; fileEncoding = 4; lastKnownFileType = sourcecode.swift; path = DatabaseService.swift; sourceTree = "<group>"; };
		CDEA324229B88607005D6FFB /* APIService.swift */ = {isa = PBXFileReference; fileEncoding = 4; lastKnownFileType = sourcecode.swift; path = APIService.swift; sourceTree = "<group>"; };
		CDEA324829B88A1B005D6FFB /* Assets.xcassets */ = {isa = PBXFileReference; lastKnownFileType = folder.assetcatalog; path = Assets.xcassets; sourceTree = "<group>"; };
		CDEA324A29B88A8F005D6FFB /* LaunchScreen.storyboard */ = {isa = PBXFileReference; lastKnownFileType = file.storyboard; path = LaunchScreen.storyboard; sourceTree = "<group>"; };
		CDEA324E29B88BF6005D6FFB /* GoogleService-Info.plist */ = {isa = PBXFileReference; fileEncoding = 4; lastKnownFileType = text.plist.xml; name = "GoogleService-Info.plist"; path = "../../../Downloads/GoogleService-Info.plist"; sourceTree = "<group>"; };
		CDEA325429B8A72D005D6FFB /* RAWGBrowserTests.xctest */ = {isa = PBXFileReference; explicitFileType = wrapper.cfbundle; includeInIndex = 0; path = RAWGBrowserTests.xctest; sourceTree = BUILT_PRODUCTS_DIR; };
		CDEA325629B8A72D005D6FFB /* RAWGBrowserTests.swift */ = {isa = PBXFileReference; lastKnownFileType = sourcecode.swift; path = RAWGBrowserTests.swift; sourceTree = "<group>"; };
		CDEA325D29B8A745005D6FFB /* MockAPIService.swift */ = {isa = PBXFileReference; lastKnownFileType = sourcecode.swift; path = MockAPIService.swift; sourceTree = "<group>"; };
		CDEA325F29B8A751005D6FFB /* MockDatabaseService.swift */ = {isa = PBXFileReference; lastKnownFileType = sourcecode.swift; path = MockDatabaseService.swift; sourceTree = "<group>"; };
		CDEA327B29B8C3C1005D6FFB /* RAWGViewModelsTests.swift */ = {isa = PBXFileReference; lastKnownFileType = sourcecode.swift; path = RAWGViewModelsTests.swift; sourceTree = "<group>"; };
/* End PBXFileReference section */

/* Begin PBXFrameworksBuildPhase section */
		CDEA316A29B5DA41005D6FFB /* Frameworks */ = {
			isa = PBXFrameworksBuildPhase;
			buildActionMask = 2147483647;
			files = (
				CDEA31DC29B86A45005D6FFB /* FirebaseDatabaseSwift in Frameworks */,
				CDEA31E229B86A46005D6FFB /* FirebaseFunctions in Frameworks */,
				CDEA31DA29B86A45005D6FFB /* FirebaseDatabase in Frameworks */,
				CDEA31D829B86A45005D6FFB /* FirebaseAnalytics in Frameworks */,
				CDEA31DE29B86A45005D6FFB /* FirebaseFirestore in Frameworks */,
				CDEA31E429B86A46005D6FFB /* FirebaseStorage in Frameworks */,
				CDEA31A529B71BE9005D6FFB /* SDWebImage in Frameworks */,
				CDEA31E029B86A45005D6FFB /* FirebaseFirestoreSwift in Frameworks */,
			);
			runOnlyForDeploymentPostprocessing = 0;
		};
		CDEA325129B8A72D005D6FFB /* Frameworks */ = {
			isa = PBXFrameworksBuildPhase;
			buildActionMask = 2147483647;
			files = (
				CDEA327A29B8BD2A005D6FFB /* FirebaseDatabaseSwift in Frameworks */,
				CDEA326629B8AB6F005D6FFB /* FirebaseAnalytics in Frameworks */,
				CDEA327229B8AB6F005D6FFB /* FirebaseFirestore in Frameworks */,
				CDEA327029B8AB6F005D6FFB /* FirebaseDatabase in Frameworks */,
				CDEA327629B8AB6F005D6FFB /* FirebaseFunctions in Frameworks */,
				CDEA327829B8AB6F005D6FFB /* FirebaseStorage in Frameworks */,
				CDEA326429B8AB34005D6FFB /* SDWebImage in Frameworks */,
				CDEA327429B8AB6F005D6FFB /* FirebaseFirestoreSwift in Frameworks */,
			);
			runOnlyForDeploymentPostprocessing = 0;
		};
/* End PBXFrameworksBuildPhase section */

/* Begin PBXGroup section */
		CDEA316429B5DA41005D6FFB = {
			isa = PBXGroup;
			children = (
				CDEA316F29B5DA41005D6FFB /* RAWGBrowser */,
				CDEA325529B8A72D005D6FFB /* RAWGBrowserTests */,
				CDEA316E29B5DA41005D6FFB /* Products */,
				CDEA326229B8AB34005D6FFB /* Frameworks */,
			);
			sourceTree = "<group>";
		};
		CDEA316E29B5DA41005D6FFB /* Products */ = {
			isa = PBXGroup;
			children = (
				CDEA316D29B5DA41005D6FFB /* RAWGBrowser.app */,
				CDEA325429B8A72D005D6FFB /* RAWGBrowserTests.xctest */,
			);
			name = Products;
			sourceTree = "<group>";
		};
		CDEA316F29B5DA41005D6FFB /* RAWGBrowser */ = {
			isa = PBXGroup;
			children = (
				CDEA31C629B7C12E005D6FFB /* Extensions */,
				CDEA31A029B71968005D6FFB /* Constants */,
				CDEA319329B5E585005D6FFB /* Controllers */,
				CDEA318E29B5DE08005D6FFB /* Views */,
				CDEA318D29B5DE01005D6FFB /* ViewModels */,
				CDEA318C29B5DDFC005D6FFB /* Models */,
				CDEA318B29B5DD2F005D6FFB /* ViewControllers */,
				CDEA318A29B5DD26005D6FFB /* Services */,
				CDEA318929B5DD16005D6FFB /* Coordinators */,
				CDEA318829B5DD03005D6FFB /* Core */,
				CDEA317E29B5DA43005D6FFB /* Info.plist */,
				CDEA324E29B88BF6005D6FFB /* GoogleService-Info.plist */,
			);
			path = RAWGBrowser;
			sourceTree = "<group>";
		};
		CDEA318829B5DD03005D6FFB /* Core */ = {
			isa = PBXGroup;
			children = (
				CDEA317029B5DA41005D6FFB /* AppDelegate.swift */,
				CDEA317229B5DA41005D6FFB /* SceneDelegate.swift */,
				CDEA31E729B87E96005D6FFB /* NavigationController.swift */,
				CDEA324829B88A1B005D6FFB /* Assets.xcassets */,
				CDEA324A29B88A8F005D6FFB /* LaunchScreen.storyboard */,
			);
			path = Core;
			sourceTree = "<group>";
		};
		CDEA318929B5DD16005D6FFB /* Coordinators */ = {
			isa = PBXGroup;
			children = (
				CDEA318629B5DB54005D6FFB /* MainCoordinator.swift */,
			);
			path = Coordinators;
			sourceTree = "<group>";
		};
		CDEA318A29B5DD26005D6FFB /* Services */ = {
			isa = PBXGroup;
			children = (
				CDEA324229B88607005D6FFB /* APIService.swift */,
				CDEA324129B88607005D6FFB /* DatabaseService.swift */,
			);
			path = Services;
			sourceTree = "<group>";
		};
		CDEA318B29B5DD2F005D6FFB /* ViewControllers */ = {
			isa = PBXGroup;
			children = (
				CDEA317429B5DA41005D6FFB /* OnboardingViewController.swift */,
				CDEA31B029B741BA005D6FFB /* GameListViewController.swift */,
				CDEA31BC29B75F52005D6FFB /* GameDetailViewController.swift */,
			);
			path = ViewControllers;
			sourceTree = "<group>";
		};
		CDEA318C29B5DDFC005D6FFB /* Models */ = {
			isa = PBXGroup;
			children = (
				CDEA318F29B5DE59005D6FFB /* GenreModels.swift */,
				CDEA31AE29B73DD3005D6FFB /* GameListModels.swift */,
				CDEA31BA29B7588E005D6FFB /* GameModel.swift */,
			);
			path = Models;
			sourceTree = "<group>";
		};
		CDEA318D29B5DE01005D6FFB /* ViewModels */ = {
			isa = PBXGroup;
			children = (
				CDEA319629B5E5E0005D6FFB /* GenreViewModel.swift */,
				CDEA31B429B7421E005D6FFB /* GameListElementViewModel.swift */,
				CDEA31BE29B75F6E005D6FFB /* GameDetailViewModel.swift */,
			);
			path = ViewModels;
			sourceTree = "<group>";
		};
		CDEA318E29B5DE08005D6FFB /* Views */ = {
			isa = PBXGroup;
			children = (
				CDEA319C29B5FCAC005D6FFB /* GenreDetailViewCell.swift */,
				CDEA31A829B727B0005D6FFB /* ServiceNotificationView.swift */,
				CDEA31AA29B72A19005D6FFB /* WaitingNotificationView.swift */,
				CDEA31B629B74329005D6FFB /* GameViewCell.swift */,
				CDEA31C229B768C2005D6FFB /* GameDetailViewCell.swift */,
				CDEA31C429B76CC7005D6FFB /* HeroImageView.swift */,
				CDEA31C929B7D0D6005D6FFB /* DescriptionView.swift */,
			);
			path = Views;
			sourceTree = "<group>";
		};
		CDEA319329B5E585005D6FFB /* Controllers */ = {
			isa = PBXGroup;
			children = (
				CDEA319429B5E5C6005D6FFB /* OnboardingController.swift */,
				CDEA31B229B741C6005D6FFB /* GameListController.swift */,
				CDEA31C029B767FC005D6FFB /* GameDetailsController.swift */,
			);
			path = Controllers;
			sourceTree = "<group>";
		};
		CDEA31A029B71968005D6FFB /* Constants */ = {
			isa = PBXGroup;
			children = (
				CDEA31A129B71978005D6FFB /* ColorConstants.swift */,
				CDEA31A629B723DC005D6FFB /* APIConstants.swift */,
			);
			path = Constants;
			sourceTree = "<group>";
		};
		CDEA31C629B7C12E005D6FFB /* Extensions */ = {
			isa = PBXGroup;
			children = (
				CDEA31CB29B7E4EA005D6FFB /* UIButton+Extension.swift */,
				CDEA31CD29B7EAEE005D6FFB /* UILabel+Extension.swift */,
			);
			path = Extensions;
			sourceTree = "<group>";
		};
		CDEA325529B8A72D005D6FFB /* RAWGBrowserTests */ = {
			isa = PBXGroup;
			children = (
				CDEA319A29B5FA69005D6FFB /* mockGenres.json */,
				CDEA31B829B7585D005D6FFB /* mockGame.json */,
				CDEA319E29B61EAB005D6FFB /* mockGenreDetails.json */,
				CDEA31AC29B73D96005D6FFB /* mockGenreList.json */,
				CDEA325629B8A72D005D6FFB /* RAWGBrowserTests.swift */,
				CDEA327B29B8C3C1005D6FFB /* RAWGViewModelsTests.swift */,
				CDEA325D29B8A745005D6FFB /* MockAPIService.swift */,
				CDEA325F29B8A751005D6FFB /* MockDatabaseService.swift */,
			);
			path = RAWGBrowserTests;
			sourceTree = "<group>";
		};
		CDEA326229B8AB34005D6FFB /* Frameworks */ = {
			isa = PBXGroup;
			children = (
			);
			name = Frameworks;
			sourceTree = "<group>";
		};
/* End PBXGroup section */

/* Begin PBXNativeTarget section */
		CDEA316C29B5DA41005D6FFB /* RAWGBrowser */ = {
			isa = PBXNativeTarget;
			buildConfigurationList = CDEA318129B5DA43005D6FFB /* Build configuration list for PBXNativeTarget "RAWGBrowser" */;
			buildPhases = (
				CDEA316929B5DA41005D6FFB /* Sources */,
				CDEA316A29B5DA41005D6FFB /* Frameworks */,
				CDEA316B29B5DA41005D6FFB /* Resources */,
			);
			buildRules = (
			);
			dependencies = (
			);
			name = RAWGBrowser;
			packageProductDependencies = (
				CDEA31A429B71BE9005D6FFB /* SDWebImage */,
				CDEA31D729B86A45005D6FFB /* FirebaseAnalytics */,
				CDEA31D929B86A45005D6FFB /* FirebaseDatabase */,
				CDEA31DB29B86A45005D6FFB /* FirebaseDatabaseSwift */,
				CDEA31DD29B86A45005D6FFB /* FirebaseFirestore */,
				CDEA31DF29B86A45005D6FFB /* FirebaseFirestoreSwift */,
				CDEA31E129B86A46005D6FFB /* FirebaseFunctions */,
				CDEA31E329B86A46005D6FFB /* FirebaseStorage */,
			);
			productName = RAWGBrowser;
			productReference = CDEA316D29B5DA41005D6FFB /* RAWGBrowser.app */;
			productType = "com.apple.product-type.application";
		};
		CDEA325329B8A72D005D6FFB /* RAWGBrowserTests */ = {
			isa = PBXNativeTarget;
			buildConfigurationList = CDEA325A29B8A72D005D6FFB /* Build configuration list for PBXNativeTarget "RAWGBrowserTests" */;
			buildPhases = (
				CDEA325029B8A72D005D6FFB /* Sources */,
				CDEA325129B8A72D005D6FFB /* Frameworks */,
				CDEA325229B8A72D005D6FFB /* Resources */,
			);
			buildRules = (
			);
			dependencies = (
				CDEA325929B8A72D005D6FFB /* PBXTargetDependency */,
			);
			name = RAWGBrowserTests;
			packageProductDependencies = (
				CDEA326329B8AB34005D6FFB /* SDWebImage */,
				CDEA326529B8AB6F005D6FFB /* FirebaseAnalytics */,
				CDEA326F29B8AB6F005D6FFB /* FirebaseDatabase */,
				CDEA327129B8AB6F005D6FFB /* FirebaseFirestore */,
				CDEA327329B8AB6F005D6FFB /* FirebaseFirestoreSwift */,
				CDEA327529B8AB6F005D6FFB /* FirebaseFunctions */,
				CDEA327729B8AB6F005D6FFB /* FirebaseStorage */,
				CDEA327929B8BD2A005D6FFB /* FirebaseDatabaseSwift */,
			);
			productName = RAWGBrowserTests;
			productReference = CDEA325429B8A72D005D6FFB /* RAWGBrowserTests.xctest */;
			productType = "com.apple.product-type.bundle.unit-test";
		};
/* End PBXNativeTarget section */

/* Begin PBXProject section */
		CDEA316529B5DA41005D6FFB /* Project object */ = {
			isa = PBXProject;
			attributes = {
				BuildIndependentTargetsInParallel = 1;
				LastSwiftUpdateCheck = 1420;
				LastUpgradeCheck = 1420;
				TargetAttributes = {
					CDEA316C29B5DA41005D6FFB = {
						CreatedOnToolsVersion = 14.2;
					};
					CDEA325329B8A72D005D6FFB = {
						CreatedOnToolsVersion = 14.2;
						TestTargetID = CDEA316C29B5DA41005D6FFB;
					};
				};
			};
			buildConfigurationList = CDEA316829B5DA41005D6FFB /* Build configuration list for PBXProject "RAWGBrowser" */;
			compatibilityVersion = "Xcode 14.0";
			developmentRegion = en;
			hasScannedForEncodings = 0;
			knownRegions = (
				en,
				Base,
			);
			mainGroup = CDEA316429B5DA41005D6FFB;
			packageReferences = (
				CDEA31A329B71BE9005D6FFB /* XCRemoteSwiftPackageReference "SDWebImage" */,
				CDEA31D629B86A45005D6FFB /* XCRemoteSwiftPackageReference "firebase-ios-sdk" */,
			);
			productRefGroup = CDEA316E29B5DA41005D6FFB /* Products */;
			projectDirPath = "";
			projectRoot = "";
			targets = (
				CDEA316C29B5DA41005D6FFB /* RAWGBrowser */,
				CDEA325329B8A72D005D6FFB /* RAWGBrowserTests */,
			);
		};
/* End PBXProject section */

/* Begin PBXResourcesBuildPhase section */
		CDEA316B29B5DA41005D6FFB /* Resources */ = {
			isa = PBXResourcesBuildPhase;
			buildActionMask = 2147483647;
			files = (
				CDEA324B29B88A8F005D6FFB /* LaunchScreen.storyboard in Resources */,
				CDEA31B929B7585D005D6FFB /* mockGame.json in Resources */,
				CDEA319B29B5FA69005D6FFB /* mockGenres.json in Resources */,
				CDEA324929B88A1B005D6FFB /* Assets.xcassets in Resources */,
				CDEA31AD29B73D96005D6FFB /* mockGenreList.json in Resources */,
				CDEA319F29B61EAC005D6FFB /* mockGenreDetails.json in Resources */,
				CDEA324F29B88BF6005D6FFB /* GoogleService-Info.plist in Resources */,
			);
			runOnlyForDeploymentPostprocessing = 0;
		};
		CDEA325229B8A72D005D6FFB /* Resources */ = {
			isa = PBXResourcesBuildPhase;
			buildActionMask = 2147483647;
			files = (
			);
			runOnlyForDeploymentPostprocessing = 0;
		};
/* End PBXResourcesBuildPhase section */

/* Begin PBXSourcesBuildPhase section */
		CDEA316929B5DA41005D6FFB /* Sources */ = {
			isa = PBXSourcesBuildPhase;
			buildActionMask = 2147483647;
			files = (
				CDEA31C129B767FC005D6FFB /* GameDetailsController.swift in Sources */,
				CDEA317529B5DA41005D6FFB /* OnboardingViewController.swift in Sources */,
				CDEA324429B88607005D6FFB /* APIService.swift in Sources */,
				CDEA31C529B76CC7005D6FFB /* HeroImageView.swift in Sources */,
				CDEA31BF29B75F6E005D6FFB /* GameDetailViewModel.swift in Sources */,
				CDEA31BD29B75F52005D6FFB /* GameDetailViewController.swift in Sources */,
				CDEA31AF29B73DD3005D6FFB /* GameListModels.swift in Sources */,
				CDEA31A729B723DC005D6FFB /* APIConstants.swift in Sources */,
				CDEA317129B5DA41005D6FFB /* AppDelegate.swift in Sources */,
				CDEA31B729B74329005D6FFB /* GameViewCell.swift in Sources */,
				CDEA31C329B768C2005D6FFB /* GameDetailViewCell.swift in Sources */,
				CDEA31A229B71978005D6FFB /* ColorConstants.swift in Sources */,
				CDEA319D29B5FCAC005D6FFB /* GenreDetailViewCell.swift in Sources */,
				CDEA31B129B741BA005D6FFB /* GameListViewController.swift in Sources */,
				CDEA31CA29B7D0D6005D6FFB /* DescriptionView.swift in Sources */,
				CDEA31CC29B7E4EA005D6FFB /* UIButton+Extension.swift in Sources */,
				CDEA319729B5E5E0005D6FFB /* GenreViewModel.swift in Sources */,
				CDEA31CE29B7EAEE005D6FFB /* UILabel+Extension.swift in Sources */,
				CDEA31BB29B7588E005D6FFB /* GameModel.swift in Sources */,
				CDEA31B529B7421E005D6FFB /* GameListElementViewModel.swift in Sources */,
				CDEA31AB29B72A19005D6FFB /* WaitingNotificationView.swift in Sources */,
				CDEA31A929B727B0005D6FFB /* ServiceNotificationView.swift in Sources */,
				CDEA31E829B87E96005D6FFB /* NavigationController.swift in Sources */,
				CDEA324329B88607005D6FFB /* DatabaseService.swift in Sources */,
				CDEA319529B5E5C6005D6FFB /* OnboardingController.swift in Sources */,
				CDEA319029B5DE59005D6FFB /* GenreModels.swift in Sources */,
				CDEA31B329B741C6005D6FFB /* GameListController.swift in Sources */,
				CDEA318729B5DB54005D6FFB /* MainCoordinator.swift in Sources */,
				CDEA317329B5DA41005D6FFB /* SceneDelegate.swift in Sources */,
			);
			runOnlyForDeploymentPostprocessing = 0;
		};
		CDEA325029B8A72D005D6FFB /* Sources */ = {
			isa = PBXSourcesBuildPhase;
			buildActionMask = 2147483647;
			files = (
				CDEA326029B8A751005D6FFB /* MockDatabaseService.swift in Sources */,
				CDEA325E29B8A745005D6FFB /* MockAPIService.swift in Sources */,
				CDEA325729B8A72D005D6FFB /* RAWGBrowserTests.swift in Sources */,
				CDEA327C29B8C3C1005D6FFB /* RAWGViewModelsTests.swift in Sources */,
			);
			runOnlyForDeploymentPostprocessing = 0;
		};
/* End PBXSourcesBuildPhase section */

/* Begin PBXTargetDependency section */
		CDEA325929B8A72D005D6FFB /* PBXTargetDependency */ = {
			isa = PBXTargetDependency;
			target = CDEA316C29B5DA41005D6FFB /* RAWGBrowser */;
			targetProxy = CDEA325829B8A72D005D6FFB /* PBXContainerItemProxy */;
		};
/* End PBXTargetDependency section */

/* Begin XCBuildConfiguration section */
		CDEA317F29B5DA43005D6FFB /* Debug */ = {
			isa = XCBuildConfiguration;
			buildSettings = {
				ALWAYS_SEARCH_USER_PATHS = NO;
				CLANG_ANALYZER_NONNULL = YES;
				CLANG_ANALYZER_NUMBER_OBJECT_CONVERSION = YES_AGGRESSIVE;
				CLANG_CXX_LANGUAGE_STANDARD = "gnu++20";
				CLANG_ENABLE_MODULES = YES;
				CLANG_ENABLE_OBJC_ARC = YES;
				CLANG_ENABLE_OBJC_WEAK = YES;
				CLANG_WARN_BLOCK_CAPTURE_AUTORELEASING = YES;
				CLANG_WARN_BOOL_CONVERSION = YES;
				CLANG_WARN_COMMA = YES;
				CLANG_WARN_CONSTANT_CONVERSION = YES;
				CLANG_WARN_DEPRECATED_OBJC_IMPLEMENTATIONS = YES;
				CLANG_WARN_DIRECT_OBJC_ISA_USAGE = YES_ERROR;
				CLANG_WARN_DOCUMENTATION_COMMENTS = YES;
				CLANG_WARN_EMPTY_BODY = YES;
				CLANG_WARN_ENUM_CONVERSION = YES;
				CLANG_WARN_INFINITE_RECURSION = YES;
				CLANG_WARN_INT_CONVERSION = YES;
				CLANG_WARN_NON_LITERAL_NULL_CONVERSION = YES;
				CLANG_WARN_OBJC_IMPLICIT_RETAIN_SELF = YES;
				CLANG_WARN_OBJC_LITERAL_CONVERSION = YES;
				CLANG_WARN_OBJC_ROOT_CLASS = YES_ERROR;
				CLANG_WARN_QUOTED_INCLUDE_IN_FRAMEWORK_HEADER = YES;
				CLANG_WARN_RANGE_LOOP_ANALYSIS = YES;
				CLANG_WARN_STRICT_PROTOTYPES = YES;
				CLANG_WARN_SUSPICIOUS_MOVE = YES;
				CLANG_WARN_UNGUARDED_AVAILABILITY = YES_AGGRESSIVE;
				CLANG_WARN_UNREACHABLE_CODE = YES;
				CLANG_WARN__DUPLICATE_METHOD_MATCH = YES;
				COPY_PHASE_STRIP = NO;
				DEBUG_INFORMATION_FORMAT = dwarf;
				ENABLE_STRICT_OBJC_MSGSEND = YES;
				ENABLE_TESTABILITY = YES;
				GCC_C_LANGUAGE_STANDARD = gnu11;
				GCC_DYNAMIC_NO_PIC = NO;
				GCC_NO_COMMON_BLOCKS = YES;
				GCC_OPTIMIZATION_LEVEL = 0;
				GCC_PREPROCESSOR_DEFINITIONS = (
					"DEBUG=1",
					"$(inherited)",
				);
				GCC_WARN_64_TO_32_BIT_CONVERSION = YES;
				GCC_WARN_ABOUT_RETURN_TYPE = YES_ERROR;
				GCC_WARN_UNDECLARED_SELECTOR = YES;
				GCC_WARN_UNINITIALIZED_AUTOS = YES_AGGRESSIVE;
				GCC_WARN_UNUSED_FUNCTION = YES;
				GCC_WARN_UNUSED_VARIABLE = YES;
				IPHONEOS_DEPLOYMENT_TARGET = 16.2;
				MTL_ENABLE_DEBUG_INFO = INCLUDE_SOURCE;
				MTL_FAST_MATH = YES;
				ONLY_ACTIVE_ARCH = YES;
				SDKROOT = iphoneos;
				SWIFT_ACTIVE_COMPILATION_CONDITIONS = DEBUG;
				SWIFT_OPTIMIZATION_LEVEL = "-Onone";
			};
			name = Debug;
		};
		CDEA318029B5DA43005D6FFB /* Release */ = {
			isa = XCBuildConfiguration;
			buildSettings = {
				ALWAYS_SEARCH_USER_PATHS = NO;
				CLANG_ANALYZER_NONNULL = YES;
				CLANG_ANALYZER_NUMBER_OBJECT_CONVERSION = YES_AGGRESSIVE;
				CLANG_CXX_LANGUAGE_STANDARD = "gnu++20";
				CLANG_ENABLE_MODULES = YES;
				CLANG_ENABLE_OBJC_ARC = YES;
				CLANG_ENABLE_OBJC_WEAK = YES;
				CLANG_WARN_BLOCK_CAPTURE_AUTORELEASING = YES;
				CLANG_WARN_BOOL_CONVERSION = YES;
				CLANG_WARN_COMMA = YES;
				CLANG_WARN_CONSTANT_CONVERSION = YES;
				CLANG_WARN_DEPRECATED_OBJC_IMPLEMENTATIONS = YES;
				CLANG_WARN_DIRECT_OBJC_ISA_USAGE = YES_ERROR;
				CLANG_WARN_DOCUMENTATION_COMMENTS = YES;
				CLANG_WARN_EMPTY_BODY = YES;
				CLANG_WARN_ENUM_CONVERSION = YES;
				CLANG_WARN_INFINITE_RECURSION = YES;
				CLANG_WARN_INT_CONVERSION = YES;
				CLANG_WARN_NON_LITERAL_NULL_CONVERSION = YES;
				CLANG_WARN_OBJC_IMPLICIT_RETAIN_SELF = YES;
				CLANG_WARN_OBJC_LITERAL_CONVERSION = YES;
				CLANG_WARN_OBJC_ROOT_CLASS = YES_ERROR;
				CLANG_WARN_QUOTED_INCLUDE_IN_FRAMEWORK_HEADER = YES;
				CLANG_WARN_RANGE_LOOP_ANALYSIS = YES;
				CLANG_WARN_STRICT_PROTOTYPES = YES;
				CLANG_WARN_SUSPICIOUS_MOVE = YES;
				CLANG_WARN_UNGUARDED_AVAILABILITY = YES_AGGRESSIVE;
				CLANG_WARN_UNREACHABLE_CODE = YES;
				CLANG_WARN__DUPLICATE_METHOD_MATCH = YES;
				COPY_PHASE_STRIP = NO;
				DEBUG_INFORMATION_FORMAT = "dwarf-with-dsym";
				ENABLE_NS_ASSERTIONS = NO;
				ENABLE_STRICT_OBJC_MSGSEND = YES;
				GCC_C_LANGUAGE_STANDARD = gnu11;
				GCC_NO_COMMON_BLOCKS = YES;
				GCC_WARN_64_TO_32_BIT_CONVERSION = YES;
				GCC_WARN_ABOUT_RETURN_TYPE = YES_ERROR;
				GCC_WARN_UNDECLARED_SELECTOR = YES;
				GCC_WARN_UNINITIALIZED_AUTOS = YES_AGGRESSIVE;
				GCC_WARN_UNUSED_FUNCTION = YES;
				GCC_WARN_UNUSED_VARIABLE = YES;
				IPHONEOS_DEPLOYMENT_TARGET = 16.2;
				MTL_ENABLE_DEBUG_INFO = NO;
				MTL_FAST_MATH = YES;
				SDKROOT = iphoneos;
				SWIFT_COMPILATION_MODE = wholemodule;
				SWIFT_OPTIMIZATION_LEVEL = "-O";
				VALIDATE_PRODUCT = YES;
			};
			name = Release;
		};
		CDEA318229B5DA43005D6FFB /* Debug */ = {
			isa = XCBuildConfiguration;
			buildSettings = {
				ASSETCATALOG_COMPILER_APPICON_NAME = AppIcon;
				ASSETCATALOG_COMPILER_GLOBAL_ACCENT_COLOR_NAME = AccentColor;
				CODE_SIGN_STYLE = Automatic;
				CURRENT_PROJECT_VERSION = 1;
				DEVELOPMENT_TEAM = Y2ZMF37QVQ;
				GENERATE_INFOPLIST_FILE = YES;
				INFOPLIST_FILE = RAWGBrowser/Info.plist;
				INFOPLIST_KEY_UIApplicationSupportsIndirectInputEvents = YES;
				INFOPLIST_KEY_UILaunchStoryboardName = LaunchScreen;
				INFOPLIST_KEY_UIMainStoryboardFile = "";
				INFOPLIST_KEY_UISupportedInterfaceOrientations = UIInterfaceOrientationPortrait;
				LD_RUNPATH_SEARCH_PATHS = (
					"$(inherited)",
					"@executable_path/Frameworks",
				);
				MARKETING_VERSION = 1.0;
				PRODUCT_BUNDLE_IDENTIFIER = com.ruzmanorganizatiion.RAWGBrowser;
				PRODUCT_NAME = "$(TARGET_NAME)";
				SUPPORTED_PLATFORMS = "iphoneos iphonesimulator";
				SUPPORTS_MACCATALYST = NO;
				SUPPORTS_MAC_DESIGNED_FOR_IPHONE_IPAD = NO;
				SWIFT_EMIT_LOC_STRINGS = YES;
				SWIFT_VERSION = 5.0;
				TARGETED_DEVICE_FAMILY = "1,2";
			};
			name = Debug;
		};
		CDEA318329B5DA43005D6FFB /* Release */ = {
			isa = XCBuildConfiguration;
			buildSettings = {
				ASSETCATALOG_COMPILER_APPICON_NAME = AppIcon;
				ASSETCATALOG_COMPILER_GLOBAL_ACCENT_COLOR_NAME = AccentColor;
				CODE_SIGN_STYLE = Automatic;
				CURRENT_PROJECT_VERSION = 1;
				DEVELOPMENT_TEAM = Y2ZMF37QVQ;
				GENERATE_INFOPLIST_FILE = YES;
				INFOPLIST_FILE = RAWGBrowser/Info.plist;
				INFOPLIST_KEY_UIApplicationSupportsIndirectInputEvents = YES;
				INFOPLIST_KEY_UILaunchStoryboardName = LaunchScreen;
				INFOPLIST_KEY_UIMainStoryboardFile = "";
				INFOPLIST_KEY_UISupportedInterfaceOrientations = UIInterfaceOrientationPortrait;
				LD_RUNPATH_SEARCH_PATHS = (
					"$(inherited)",
					"@executable_path/Frameworks",
				);
				MARKETING_VERSION = 1.0;
				PRODUCT_BUNDLE_IDENTIFIER = com.ruzmanorganizatiion.RAWGBrowser;
				PRODUCT_NAME = "$(TARGET_NAME)";
				SUPPORTED_PLATFORMS = "iphoneos iphonesimulator";
				SUPPORTS_MACCATALYST = NO;
				SUPPORTS_MAC_DESIGNED_FOR_IPHONE_IPAD = NO;
				SWIFT_EMIT_LOC_STRINGS = YES;
				SWIFT_VERSION = 5.0;
				TARGETED_DEVICE_FAMILY = "1,2";
			};
			name = Release;
		};
		CDEA325B29B8A72D005D6FFB /* Debug */ = {
			isa = XCBuildConfiguration;
			buildSettings = {
				BUNDLE_LOADER = "$(TEST_HOST)";
				CODE_SIGN_STYLE = Automatic;
				CURRENT_PROJECT_VERSION = 1;
				DEVELOPMENT_TEAM = Y2ZMF37QVQ;
				GENERATE_INFOPLIST_FILE = YES;
				IPHONEOS_DEPLOYMENT_TARGET = 16.2;
				MARKETING_VERSION = 1.0;
				PRODUCT_BUNDLE_IDENTIFIER = com.ruzmanorganizatiion.RAWGBrowserTests;
				PRODUCT_NAME = "$(TARGET_NAME)";
				SUPPORTED_PLATFORMS = "iphoneos iphonesimulator";
				SUPPORTS_MACCATALYST = NO;
				SUPPORTS_MAC_DESIGNED_FOR_IPHONE_IPAD = NO;
				SWIFT_EMIT_LOC_STRINGS = NO;
				SWIFT_VERSION = 5.0;
				TARGETED_DEVICE_FAMILY = "1,2";
				TEST_HOST = "$(BUILT_PRODUCTS_DIR)/RAWGBrowser.app/$(BUNDLE_EXECUTABLE_FOLDER_PATH)/RAWGBrowser";
			};
			name = Debug;
		};
		CDEA325C29B8A72D005D6FFB /* Release */ = {
			isa = XCBuildConfiguration;
			buildSettings = {
				BUNDLE_LOADER = "$(TEST_HOST)";
				CODE_SIGN_STYLE = Automatic;
				CURRENT_PROJECT_VERSION = 1;
				DEVELOPMENT_TEAM = Y2ZMF37QVQ;
				GENERATE_INFOPLIST_FILE = YES;
				IPHONEOS_DEPLOYMENT_TARGET = 16.2;
				MARKETING_VERSION = 1.0;
				PRODUCT_BUNDLE_IDENTIFIER = com.ruzmanorganizatiion.RAWGBrowserTests;
				PRODUCT_NAME = "$(TARGET_NAME)";
				SUPPORTED_PLATFORMS = "iphoneos iphonesimulator";
				SUPPORTS_MACCATALYST = NO;
				SUPPORTS_MAC_DESIGNED_FOR_IPHONE_IPAD = NO;
				SWIFT_EMIT_LOC_STRINGS = NO;
				SWIFT_VERSION = 5.0;
				TARGETED_DEVICE_FAMILY = "1,2";
				TEST_HOST = "$(BUILT_PRODUCTS_DIR)/RAWGBrowser.app/$(BUNDLE_EXECUTABLE_FOLDER_PATH)/RAWGBrowser";
			};
			name = Release;
		};
/* End XCBuildConfiguration section */

/* Begin XCConfigurationList section */
		CDEA316829B5DA41005D6FFB /* Build configuration list for PBXProject "RAWGBrowser" */ = {
			isa = XCConfigurationList;
			buildConfigurations = (
				CDEA317F29B5DA43005D6FFB /* Debug */,
				CDEA318029B5DA43005D6FFB /* Release */,
			);
			defaultConfigurationIsVisible = 0;
			defaultConfigurationName = Release;
		};
		CDEA318129B5DA43005D6FFB /* Build configuration list for PBXNativeTarget "RAWGBrowser" */ = {
			isa = XCConfigurationList;
			buildConfigurations = (
				CDEA318229B5DA43005D6FFB /* Debug */,
				CDEA318329B5DA43005D6FFB /* Release */,
			);
			defaultConfigurationIsVisible = 0;
			defaultConfigurationName = Release;
		};
		CDEA325A29B8A72D005D6FFB /* Build configuration list for PBXNativeTarget "RAWGBrowserTests" */ = {
			isa = XCConfigurationList;
			buildConfigurations = (
				CDEA325B29B8A72D005D6FFB /* Debug */,
				CDEA325C29B8A72D005D6FFB /* Release */,
			);
			defaultConfigurationIsVisible = 0;
			defaultConfigurationName = Release;
		};
/* End XCConfigurationList section */

/* Begin XCRemoteSwiftPackageReference section */
		CDEA31A329B71BE9005D6FFB /* XCRemoteSwiftPackageReference "SDWebImage" */ = {
			isa = XCRemoteSwiftPackageReference;
			repositoryURL = "https://github.com/SDWebImage/SDWebImage.git";
			requirement = {
				kind = upToNextMajorVersion;
				minimumVersion = 5.0.0;
			};
		};
		CDEA31D629B86A45005D6FFB /* XCRemoteSwiftPackageReference "firebase-ios-sdk" */ = {
			isa = XCRemoteSwiftPackageReference;
			repositoryURL = "https://github.com/firebase/firebase-ios-sdk";
			requirement = {
				kind = upToNextMajorVersion;
				minimumVersion = 9.0.0;
			};
		};
/* End XCRemoteSwiftPackageReference section */

/* Begin XCSwiftPackageProductDependency section */
		CDEA31A429B71BE9005D6FFB /* SDWebImage */ = {
			isa = XCSwiftPackageProductDependency;
			package = CDEA31A329B71BE9005D6FFB /* XCRemoteSwiftPackageReference "SDWebImage" */;
			productName = SDWebImage;
		};
		CDEA31D729B86A45005D6FFB /* FirebaseAnalytics */ = {
			isa = XCSwiftPackageProductDependency;
			package = CDEA31D629B86A45005D6FFB /* XCRemoteSwiftPackageReference "firebase-ios-sdk" */;
			productName = FirebaseAnalytics;
		};
		CDEA31D929B86A45005D6FFB /* FirebaseDatabase */ = {
			isa = XCSwiftPackageProductDependency;
			package = CDEA31D629B86A45005D6FFB /* XCRemoteSwiftPackageReference "firebase-ios-sdk" */;
			productName = FirebaseDatabase;
		};
		CDEA31DB29B86A45005D6FFB /* FirebaseDatabaseSwift */ = {
			isa = XCSwiftPackageProductDependency;
			package = CDEA31D629B86A45005D6FFB /* XCRemoteSwiftPackageReference "firebase-ios-sdk" */;
			productName = FirebaseDatabaseSwift;
		};
		CDEA31DD29B86A45005D6FFB /* FirebaseFirestore */ = {
			isa = XCSwiftPackageProductDependency;
			package = CDEA31D629B86A45005D6FFB /* XCRemoteSwiftPackageReference "firebase-ios-sdk" */;
			productName = FirebaseFirestore;
		};
		CDEA31DF29B86A45005D6FFB /* FirebaseFirestoreSwift */ = {
			isa = XCSwiftPackageProductDependency;
			package = CDEA31D629B86A45005D6FFB /* XCRemoteSwiftPackageReference "firebase-ios-sdk" */;
			productName = FirebaseFirestoreSwift;
		};
		CDEA31E129B86A46005D6FFB /* FirebaseFunctions */ = {
			isa = XCSwiftPackageProductDependency;
			package = CDEA31D629B86A45005D6FFB /* XCRemoteSwiftPackageReference "firebase-ios-sdk" */;
			productName = FirebaseFunctions;
		};
		CDEA31E329B86A46005D6FFB /* FirebaseStorage */ = {
			isa = XCSwiftPackageProductDependency;
			package = CDEA31D629B86A45005D6FFB /* XCRemoteSwiftPackageReference "firebase-ios-sdk" */;
			productName = FirebaseStorage;
		};
		CDEA326329B8AB34005D6FFB /* SDWebImage */ = {
			isa = XCSwiftPackageProductDependency;
			package = CDEA31A329B71BE9005D6FFB /* XCRemoteSwiftPackageReference "SDWebImage" */;
			productName = SDWebImage;
		};
		CDEA326529B8AB6F005D6FFB /* FirebaseAnalytics */ = {
			isa = XCSwiftPackageProductDependency;
			package = CDEA31D629B86A45005D6FFB /* XCRemoteSwiftPackageReference "firebase-ios-sdk" */;
			productName = FirebaseAnalytics;
		};
		CDEA326F29B8AB6F005D6FFB /* FirebaseDatabase */ = {
			isa = XCSwiftPackageProductDependency;
			package = CDEA31D629B86A45005D6FFB /* XCRemoteSwiftPackageReference "firebase-ios-sdk" */;
			productName = FirebaseDatabase;
		};
		CDEA327129B8AB6F005D6FFB /* FirebaseFirestore */ = {
			isa = XCSwiftPackageProductDependency;
			package = CDEA31D629B86A45005D6FFB /* XCRemoteSwiftPackageReference "firebase-ios-sdk" */;
			productName = FirebaseFirestore;
		};
		CDEA327329B8AB6F005D6FFB /* FirebaseFirestoreSwift */ = {
			isa = XCSwiftPackageProductDependency;
			package = CDEA31D629B86A45005D6FFB /* XCRemoteSwiftPackageReference "firebase-ios-sdk" */;
			productName = FirebaseFirestoreSwift;
		};
		CDEA327529B8AB6F005D6FFB /* FirebaseFunctions */ = {
			isa = XCSwiftPackageProductDependency;
			package = CDEA31D629B86A45005D6FFB /* XCRemoteSwiftPackageReference "firebase-ios-sdk" */;
			productName = FirebaseFunctions;
		};
		CDEA327729B8AB6F005D6FFB /* FirebaseStorage */ = {
			isa = XCSwiftPackageProductDependency;
			package = CDEA31D629B86A45005D6FFB /* XCRemoteSwiftPackageReference "firebase-ios-sdk" */;
			productName = FirebaseStorage;
		};
		CDEA327929B8BD2A005D6FFB /* FirebaseDatabaseSwift */ = {
			isa = XCSwiftPackageProductDependency;
			package = CDEA31D629B86A45005D6FFB /* XCRemoteSwiftPackageReference "firebase-ios-sdk" */;
			productName = FirebaseDatabaseSwift;
		};
/* End XCSwiftPackageProductDependency section */
	};
	rootObject = CDEA316529B5DA41005D6FFB /* Project object */;
}
